PODS:
  - Alamofire (4.9.1)
  - Realm (4.4.1):
    - Realm/Headers (= 4.4.1)
  - Realm/Headers (4.4.1)
  - RealmSwift (4.4.1):
    - Realm (= 4.4.1)
  - SVProgressHUD (2.2.5)

DEPENDENCIES:
  - Alamofire
  - RealmSwift
  - SVProgressHUD

SPEC REPOS:
  trunk:
    - Alamofire
    - Realm
    - RealmSwift
    - SVProgressHUD

SPEC CHECKSUMS:
  Alamofire: 85e8a02c69d6020a0d734f6054870d7ecb75cf18
  Realm: 4eb04d7487bd43c0581256f40b424eafb711deff
  RealmSwift: 3eb8924ff7100df5928c7602f71d0fec51e7c9c5
  SVProgressHUD: 1428aafac632c1f86f62aa4243ec12008d7a51d6

PODFILE CHECKSUM: 65b372ce8773b1ca49ef8c86854fbc225052d62b

COCOAPODS: 1.9.1
